[[package]]
name = "astroid"
version = "2.4.2"
description = "An abstract syntax tree for Python with inference support."
category = "dev"
optional = false
python-versions = ">=3.5"

[package.dependencies]
lazy-object-proxy = ">=1.4.0,<1.5.0"
six = ">=1.12,<2.0"
typed-ast = {version = ">=1.4.0,<1.5", markers = "implementation_name == \"cpython\" and python_version < \"3.8\""}
wrapt = ">=1.11,<2.0"

[[package]]
name = "autopep8"
version = "1.5.4"
description = "A tool that automatically formats Python code to conform to the PEP 8 style guide"
category = "dev"
optional = false
python-versions = "*"

[package.dependencies]
pycodestyle = ">=2.6.0"
toml = "*"

[[package]]
name = "colorama"
version = "0.4.4"
description = "Cross-platform colored terminal text."
category = "dev"
optional = false
python-versions = ">=2.7, !=3.0.*, !=3.1.*, !=3.2.*, !=3.3.*, !=3.4.*"

[[package]]
name = "cycler"
version = "0.10.0"
description = "Composable style cycles"
category = "main"
optional = false
python-versions = "*"

[package.dependencies]
six = "*"

[[package]]
name = "isort"
version = "5.7.0"
description = "A Python utility / library to sort Python imports."
category = "dev"
optional = false
python-versions = ">=3.6,<4.0"

[package.extras]
pipfile_deprecated_finder = ["pipreqs", "requirementslib"]
requirements_deprecated_finder = ["pipreqs", "pip-api"]
colors = ["colorama (>=0.4.3,<0.5.0)"]

[[package]]
name = "lazy-object-proxy"
version = "1.4.3"
description = "A fast and thorough lazy object proxy."
category = "dev"
optional = false
python-versions = ">=2.7, !=3.0.*, !=3.1.*, !=3.2.*, !=3.3.*"

[[package]]
name = "llvmlite"
version = "0.22.0"
description = "lightweight wrapper around basic LLVM functionality"
category = "main"
optional = false
python-versions = "*"

[[package]]
name = "matplotlib"
version = "2.1.0"
description = "Python plotting package"
category = "main"
optional = false
python-versions = "*"

[package.dependencies]
cycler = ">=0.10"
numpy = ">=1.7.1"
pyparsing = ">=2.0.1,<2.0.4 || >2.0.4,<2.1.2 || >2.1.2,<2.1.6 || >2.1.6"
python-dateutil = ">=2.0"
pytz = "*"
six = ">=1.10"

[[package]]
name = "mccabe"
version = "0.6.1"
description = "McCabe checker, plugin for flake8"
category = "dev"
optional = false
python-versions = "*"

[[package]]
name = "numba"
version = "0.37.0"
description = "compiling Python code using LLVM"
category = "main"
optional = false
python-versions = "*"

[package.dependencies]
llvmlite = ">=0.22.0.dev0"
numpy = "*"

[[package]]
name = "numpy"
version = "1.16.3"
description = "NumPy is the fundamental package for array computing with Python."
category = "main"
optional = false
python-versions = ">=2.7,!=3.0.*,!=3.1.*,!=3.2.*,!=3.3.*"

[[package]]
name = "pycodestyle"
version = "2.6.0"
description = "Python style guide checker"
category = "dev"
optional = false
python-versions = ">=2.7, !=3.0.*, !=3.1.*, !=3.2.*, !=3.3.*"

[[package]]
name = "pylint"
version = "2.6.0"
description = "python code static checker"
category = "dev"
optional = false
python-versions = ">=3.5.*"

[package.dependencies]
astroid = ">=2.4.0,<=2.5"
colorama = {version = "*", markers = "sys_platform == \"win32\""}
isort = ">=4.2.5,<6"
mccabe = ">=0.6,<0.7"
toml = ">=0.7.1"

[[package]]
name = "pyparsing"
version = "2.4.0"
description = "Python parsing module"
category = "main"
optional = false
python-versions = ">=2.6, !=3.0.*, !=3.1.*, !=3.2.*"

[[package]]
name = "python-dateutil"
version = "2.6.1"
description = "Extensions to the standard Python datetime module"
category = "main"
optional = false
python-versions = "*"

[package.dependencies]
six = ">=1.5"

[[package]]
name = "pytz"
version = "2017.3"
description = "World timezone definitions, modern and historical"
category = "main"
optional = false
python-versions = "*"

[[package]]
name = "pyyaml"
version = "5.1"
description = "YAML parser and emitter for Python"
category = "main"
optional = false
python-versions = ">=2.7, !=3.0.*, !=3.1.*, !=3.2.*, !=3.3.*"

[[package]]
name = "scipy"
version = "1.2.1"
description = "SciPy: Scientific Library for Python"
category = "main"
optional = false
python-versions = ">=2.7,!=3.0.*,!=3.1.*,!=3.2.*,!=3.3.*"

[package.dependencies]
numpy = ">=1.8.2"

[[package]]
name = "six"
version = "1.12.0"
description = "Python 2 and 3 compatibility utilities"
category = "main"
optional = false
python-versions = ">=2.6, !=3.0.*, !=3.1.*"

[[package]]
name = "toml"
version = "0.10.2"
description = "Python Library for Tom's Obvious, Minimal Language"
category = "dev"
optional = false
python-versions = ">=2.6, !=3.0.*, !=3.1.*, !=3.2.*"

[[package]]
name = "typed-ast"
version = "1.4.2"
description = "a fork of Python 2 and 3 ast modules with type comment support"
category = "dev"
optional = false
python-versions = "*"

[[package]]
name = "wrapt"
version = "1.12.1"
description = "Module for decorators, wrappers and monkey patching."
category = "dev"
optional = false
python-versions = "*"

[metadata]
lock-version = "1.1"
python-versions = "3.6.9"
content-hash = "46620660aa70295958b34ac3c3e4ca097f7bbf1aa20c72554463f0f490237b69"

[metadata.files]
astroid = [
    {file = "astroid-2.4.2-py3-none-any.whl", hash = "sha256:bc58d83eb610252fd8de6363e39d4f1d0619c894b0ed24603b881c02e64c7386"},
    {file = "astroid-2.4.2.tar.gz", hash = "sha256:2f4078c2a41bf377eea06d71c9d2ba4eb8f6b1af2135bec27bbbb7d8f12bb703"},
]
autopep8 = [
    {file = "autopep8-1.5.4.tar.gz", hash = "sha256:d21d3901cb0da6ebd1e83fc9b0dfbde8b46afc2ede4fe32fbda0c7c6118ca094"},
]
colorama = [
    {file = "colorama-0.4.4-py2.py3-none-any.whl", hash = "sha256:9f47eda37229f68eee03b24b9748937c7dc3868f906e8ba69fbcbdd3bc5dc3e2"},
    {file = "colorama-0.4.4.tar.gz", hash = "sha256:5941b2b48a20143d2267e95b1c2a7603ce057ee39fd88e7329b0c292aa16869b"},
]
cycler = [
    {file = "cycler-0.10.0-py2.py3-none-any.whl", hash = "sha256:1d8a5ae1ff6c5cf9b93e8811e581232ad8920aeec647c37316ceac982b08cb2d"},
    {file = "cycler-0.10.0.tar.gz", hash = "sha256:cd7b2d1018258d7247a71425e9f26463dfb444d411c39569972f4ce586b0c9d8"},
]
isort = [
    {file = "isort-5.7.0-py3-none-any.whl", hash = "sha256:fff4f0c04e1825522ce6949973e83110a6e907750cd92d128b0d14aaaadbffdc"},
    {file = "isort-5.7.0.tar.gz", hash = "sha256:c729845434366216d320e936b8ad6f9d681aab72dc7cbc2d51bedc3582f3ad1e"},
]
lazy-object-proxy = [
    {file = "lazy-object-proxy-1.4.3.tar.gz", hash = "sha256:f3900e8a5de27447acbf900b4750b0ddfd7ec1ea7fbaf11dfa911141bc522af0"},
    {file = "lazy_object_proxy-1.4.3-cp27-cp27m-macosx_10_13_x86_64.whl", hash = "sha256:a2238e9d1bb71a56cd710611a1614d1194dc10a175c1e08d75e1a7bcc250d442"},
    {file = "lazy_object_proxy-1.4.3-cp27-cp27m-win32.whl", hash = "sha256:efa1909120ce98bbb3777e8b6f92237f5d5c8ea6758efea36a473e1d38f7d3e4"},
    {file = "lazy_object_proxy-1.4.3-cp27-cp27m-win_amd64.whl", hash = "sha256:4677f594e474c91da97f489fea5b7daa17b5517190899cf213697e48d3902f5a"},
    {file = "lazy_object_proxy-1.4.3-cp27-cp27mu-manylinux1_x86_64.whl", hash = "sha256:0c4b206227a8097f05c4dbdd323c50edf81f15db3b8dc064d08c62d37e1a504d"},
    {file = "lazy_object_proxy-1.4.3-cp34-cp34m-manylinux1_x86_64.whl", hash = "sha256:d945239a5639b3ff35b70a88c5f2f491913eb94871780ebfabb2568bd58afc5a"},
    {file = "lazy_object_proxy-1.4.3-cp34-cp34m-win32.whl", hash = "sha256:9651375199045a358eb6741df3e02a651e0330be090b3bc79f6d0de31a80ec3e"},
    {file = "lazy_object_proxy-1.4.3-cp34-cp34m-win_amd64.whl", hash = "sha256:eba7011090323c1dadf18b3b689845fd96a61ba0a1dfbd7f24b921398affc357"},
    {file = "lazy_object_proxy-1.4.3-cp35-cp35m-manylinux1_x86_64.whl", hash = "sha256:48dab84ebd4831077b150572aec802f303117c8cc5c871e182447281ebf3ac50"},
    {file = "lazy_object_proxy-1.4.3-cp35-cp35m-win32.whl", hash = "sha256:ca0a928a3ddbc5725be2dd1cf895ec0a254798915fb3a36af0964a0a4149e3db"},
    {file = "lazy_object_proxy-1.4.3-cp35-cp35m-win_amd64.whl", hash = "sha256:194d092e6f246b906e8f70884e620e459fc54db3259e60cf69a4d66c3fda3449"},
    {file = "lazy_object_proxy-1.4.3-cp36-cp36m-manylinux1_x86_64.whl", hash = "sha256:97bb5884f6f1cdce0099f86b907aa41c970c3c672ac8b9c8352789e103cf3156"},
    {file = "lazy_object_proxy-1.4.3-cp36-cp36m-win32.whl", hash = "sha256:cb2c7c57005a6804ab66f106ceb8482da55f5314b7fcb06551db1edae4ad1531"},
    {file = "lazy_object_proxy-1.4.3-cp36-cp36m-win_amd64.whl", hash = "sha256:8d859b89baf8ef7f8bc6b00aa20316483d67f0b1cbf422f5b4dc56701c8f2ffb"},
    {file = "lazy_object_proxy-1.4.3-cp37-cp37m-macosx_10_13_x86_64.whl", hash = "sha256:1be7e4c9f96948003609aa6c974ae59830a6baecc5376c25c92d7d697e684c08"},
    {file = "lazy_object_proxy-1.4.3-cp37-cp37m-manylinux1_x86_64.whl", hash = "sha256:d74bb8693bf9cf75ac3b47a54d716bbb1a92648d5f781fc799347cfc95952383"},
    {file = "lazy_object_proxy-1.4.3-cp37-cp37m-win32.whl", hash = "sha256:9b15f3f4c0f35727d3a0fba4b770b3c4ebbb1fa907dbcc046a1d2799f3edd142"},
    {file = "lazy_object_proxy-1.4.3-cp37-cp37m-win_amd64.whl", hash = "sha256:9254f4358b9b541e3441b007a0ea0764b9d056afdeafc1a5569eee1cc6c1b9ea"},
    {file = "lazy_object_proxy-1.4.3-cp38-cp38-manylinux1_x86_64.whl", hash = "sha256:a6ae12d08c0bf9909ce12385803a543bfe99b95fe01e752536a60af2b7797c62"},
    {file = "lazy_object_proxy-1.4.3-cp38-cp38-win32.whl", hash = "sha256:5541cada25cd173702dbd99f8e22434105456314462326f06dba3e180f203dfd"},
    {file = "lazy_object_proxy-1.4.3-cp38-cp38-win_amd64.whl", hash = "sha256:59f79fef100b09564bc2df42ea2d8d21a64fdcda64979c0fa3db7bdaabaf6239"},
]
llvmlite = [
    {file = "llvmlite-0.22.0-cp27-cp27m-macosx_10_6_x86_64.whl", hash = "sha256:a6791fb91de4debdfbd9f2d7edf6bc00fc893b3831d16c792e3861e542106a3b"},
    {file = "llvmlite-0.22.0-cp27-cp27m-win32.whl", hash = "sha256:9a86d5abbd1be93db2669560ec3e1ea2d5bcd3f99fbd6f9bb4247a296a225d99"},
    {file = "llvmlite-0.22.0-cp27-cp27m-win_amd64.whl", hash = "sha256:29f4b64e3f6ed19dd07b92c255f6ed11850fae9b2903c2a5a764800e60facbac"},
    {file = "llvmlite-0.22.0-cp27-cp27mu-manylinux1_i686.whl", hash = "sha256:f334131c7d64d914e89c6c001d728aee0b8002114e091cce689a3d842cdadc84"},
    {file = "llvmlite-0.22.0-cp27-cp27mu-manylinux1_x86_64.whl", hash = "sha256:f48f0aace03fe601fdbbd3be938234bfe10e6ae0bc95ff4f0e5aa039c9393769"},
    {file = "llvmlite-0.22.0-cp35-cp35m-macosx_10_6_x86_64.whl", hash = "sha256:d88709ef64df2afc9574908fdb4761436dbb727a173b340e953341e1e2d89ea2"},
    {file = "llvmlite-0.22.0-cp35-cp35m-manylinux1_i686.whl", hash = "sha256:c7c85b817fa4dfc0a03c146b6dc295bca981ed5453e978a8300bcd1b3d939975"},
    {file = "llvmlite-0.22.0-cp35-cp35m-manylinux1_x86_64.whl", hash = "sha256:69e59d59fe0cff932587a2a11aab6074ef2303cd05a3f0c46603a4c5bf0579c6"},
    {file = "llvmlite-0.22.0-cp35-cp35m-win32.whl", hash = "sha256:ced7ac7423e8ed7a5aacf943fde3d7743b2e8bfb887d72cfc00cb83e783ceedc"},
    {file = "llvmlite-0.22.0-cp35-cp35m-win_amd64.whl", hash = "sha256:b844fc91031b9035e55725d4c4eb83f9a093ca89fbf4b30061e4dd848e60aefa"},
    {file = "llvmlite-0.22.0-cp36-cp36m-macosx_10_7_x86_64.whl", hash = "sha256:8e348213ff749a3bd28bcd30b2b234d702630f302a8db96b8780e26570678295"},
    {file = "llvmlite-0.22.0-cp36-cp36m-manylinux1_i686.whl", hash = "sha256:908c59438312564f58113b4d8d20b83f8a36004e03d6c475dc4d94fffac1c31e"},
    {file = "llvmlite-0.22.0-cp36-cp36m-manylinux1_x86_64.whl", hash = "sha256:3a13e4e4547bca1ed4847eb969ea625c70cffd2f1c1854c4f344cc1d93563184"},
    {file = "llvmlite-0.22.0-cp36-cp36m-win32.whl", hash = "sha256:458d1caa6816f4a6edf6d73d3a8255d73de732c40ed5fbbc73ec575eda3631d6"},
    {file = "llvmlite-0.22.0-cp36-cp36m-win_amd64.whl", hash = "sha256:2b2ff81e134c0d230be140c513e55a8a153b0bd5599952300c54e9e3a303efbb"},
    {file = "llvmlite-0.22.0.tar.gz", hash = "sha256:a0a875f3d502f41f4a24444aa98fbf076a6bf36e2a0b3b4481b22e1c4a3acdc2"},
]
matplotlib = [
    {file = "matplotlib-2.1.0-cp27-cp27m-macosx_10_6_intel.macosx_10_9_intel.macosx_10_9_x86_64.macosx_10_10_intel.macosx_10_10_x86_64.whl", hash = "sha256:b2e3b1eaf3a2753a1a63826bf4ab7487b383fbef5ef4941b25f4193baaa95d95"},
    {file = "matplotlib-2.1.0-cp27-cp27m-manylinux1_x86_64.whl", hash = "sha256:d0d7036045e6a08663e428e4ea4af69164cdd79c486d31be835bb2ca7f5f1962"},
    {file = "matplotlib-2.1.0-cp27-cp27m-win32.whl", hash = "sha256:c8579a840a1bd93e00a273aac0be3edd94b805fe4cd2156f01611622032188d1"},
    {file = "matplotlib-2.1.0-cp27-cp27m-win_amd64.whl", hash = "sha256:063a07660bee266c947e5ac0044053074c3ff3e5398614538d21c29b622ed0bd"},
    {file = "matplotlib-2.1.0-cp27-cp27mu-manylinux1_x86_64.whl", hash = "sha256:a5ba34f1b4d1e81be4df0fd033abd8062dbce2eca5b3a25339edb31e4390568a"},
    {file = "matplotlib-2.1.0-cp34-cp34m-macosx_10_6_intel.macosx_10_9_intel.macosx_10_9_x86_64.macosx_10_10_intel.macosx_10_10_x86_64.whl", hash = "sha256:ea24f02268149aebe4f239635da8183f4e43f9116eebf8fcd365e2d04bc821fe"},
    {file = "matplotlib-2.1.0-cp34-cp34m-manylinux1_x86_64.whl", hash = "sha256:5c50343bc8e70f2b811188790fa899430062ce37696a166374239c838015a995"},
    {file = "matplotlib-2.1.0-cp34-cp34m-win32.whl", hash = "sha256:4a2d2d97266e4e199266b7e409e5e8be4d3b26b4bad2702b70a8ae18f52d97b4"},
    {file = "matplotlib-2.1.0-cp34-cp34m-win_amd64.whl", hash = "sha256:50aef54b4f947001667c775b1973928cdb3e33024cb93f81b5b024b34b1488a7"},
    {file = "matplotlib-2.1.0-cp35-cp35m-macosx_10_6_intel.macosx_10_9_intel.macosx_10_9_x86_64.macosx_10_10_intel.macosx_10_10_x86_64.whl", hash = "sha256:14b0ab89e58621105c7b2cfd5ddc6cf13a87ac7cbcc73c287e4003d1f5e40fae"},
    {file = "matplotlib-2.1.0-cp35-cp35m-manylinux1_x86_64.whl", hash = "sha256:c665d3daf24f95acbd1541681ab1185e283afc046fe4175bfceab2cf26a8620b"},
    {file = "matplotlib-2.1.0-cp35-cp35m-win32.whl", hash = "sha256:f490f684a241cd88003afebc356f5c69bdced22e549fbd50b914f7fe07ce4fa3"},
    {file = "matplotlib-2.1.0-cp35-cp35m-win_amd64.whl", hash = "sha256:09214eb11171a8426c9c89a236f05f26a76b204e5346dd4382ddcfb74820d467"},
    {file = "matplotlib-2.1.0-cp36-cp36m-macosx_10_6_intel.macosx_10_9_intel.macosx_10_9_x86_64.macosx_10_10_intel.macosx_10_10_x86_64.whl", hash = "sha256:226f9c3799c16fdfc9be4b64bee2f1956626eddb58b24359247b0fb72afd76a0"},
    {file = "matplotlib-2.1.0-cp36-cp36m-manylinux1_x86_64.whl", hash = "sha256:fa6155cf41857135bff125419256ccab6ce81e0cd63fac60a7c673efa8a989dd"},
    {file = "matplotlib-2.1.0-cp36-cp36m-win32.whl", hash = "sha256:353b56cd2fed8977767356cb686e3bf74789a4abd81e4bdfc4d57b40679fe057"},
    {file = "matplotlib-2.1.0-cp36-cp36m-win_amd64.whl", hash = "sha256:11c7ed4716833c5b70f72f6c795a948d413e2af659442aa145d1e91868393084"},
    {file = "matplotlib-2.1.0.tar.gz", hash = "sha256:4b5f16c9cefde553ea79975305dcaa67c8e13d927b6e55aa14b4a8d867e25387"},
]
mccabe = [
    {file = "mccabe-0.6.1-py2.py3-none-any.whl", hash = "sha256:ab8a6258860da4b6677da4bd2fe5dc2c659cff31b3ee4f7f5d64e79735b80d42"},
    {file = "mccabe-0.6.1.tar.gz", hash = "sha256:dd8d182285a0fe56bace7f45b5e7d1a6ebcbf524e8f3bd87eb0f125271b8831f"},
]
numba = [
    {file = "numba-0.37.0-cp27-cp27m-macosx_10_6_x86_64.whl", hash = "sha256:820db406d874a8ad309688124d44f22263b961d944b7dfb933a7507c342bdb5f"},
    {file = "numba-0.37.0-cp27-cp27m-win32.whl", hash = "sha256:d271017dcf51097ad18ef77f29014948eb7e7bd7b0add677d193c4f86d895f31"},
    {file = "numba-0.37.0-cp27-cp27m-win_amd64.whl", hash = "sha256:69b503f049df7823bb9a7f0db9234492d91fe79534ce6faaded74577f8c6f593"},
    {file = "numba-0.37.0-cp27-cp27mu-manylinux1_i686.whl", hash = "sha256:34b3d58b403ad01789d4954db7792fb8610f946ac60ba5b5707870d42626dfe2"},
    {file = "numba-0.37.0-cp27-cp27mu-manylinux1_x86_64.whl", hash = "sha256:f8d1caaa871f4a06e7bfe1a67c4f9381b6e6538390eb48be7e6f7832a48eea52"},
    {file = "numba-0.37.0-cp35-cp35m-macosx_10_6_x86_64.whl", hash = "sha256:a9fd3f4846136621ce488a8e45533d28269972bd819cd996605e887002954446"},
    {file = "numba-0.37.0-cp35-cp35m-manylinux1_i686.whl", hash = "sha256:8d75eba03a24432b7a9a80abd25356ed0bbfcb25cccfee4adc8db095a50e817b"},
    {file = "numba-0.37.0-cp35-cp35m-manylinux1_x86_64.whl", hash = "sha256:62403b5b3b67a86d4927965ea49b8d65c7f99b58c537b8e06e7e273ee6bcdb11"},
    {file = "numba-0.37.0-cp35-cp35m-win32.whl", hash = "sha256:fc88d72b283ef6f12eeabe05b1f2b2c50b6470d9e416bbddcced02a21d50694f"},
    {file = "numba-0.37.0-cp35-cp35m-win_amd64.whl", hash = "sha256:caafcb228ac3eb1ec0d26b50911d6333009ec2d356da4a88ff1d572d7f91662d"},
    {file = "numba-0.37.0-cp36-cp36m-macosx_10_7_x86_64.whl", hash = "sha256:25559836e3511fb11a13217b5200ca00492fb96ec09f8e5b2f31c87b5a49d259"},
    {file = "numba-0.37.0-cp36-cp36m-manylinux1_i686.whl", hash = "sha256:d3df797bcf6dc269b37ca31bb9c784a5cb99d36c0e1a75c4746ac9a8ec8f443a"},
    {file = "numba-0.37.0-cp36-cp36m-manylinux1_x86_64.whl", hash = "sha256:b4f98a2f1ac7ea35a76e012918ecbbd91f287b3b9f1388f4f0390f276f30da9f"},
    {file = "numba-0.37.0-cp36-cp36m-win32.whl", hash = "sha256:691a9c6a3bd7ef778c529900cb86afd013f3e8bff8cfd3032fbd25fb98b505ee"},
    {file = "numba-0.37.0-cp36-cp36m-win_amd64.whl", hash = "sha256:946ba96b4a3c7071c5b2fe62a9a84aeda8cd47d0e64c78b0fed40bf070cb133b"},
    {file = "numba-0.37.0.tar.gz", hash = "sha256:c62121b2d384d8b4d244ef26c1cf8bb5cb819278a80b893bf41918ad6d391258"},
]
numpy = [
    {file = "numpy-1.16.3-cp27-cp27m-macosx_10_6_intel.macosx_10_9_intel.macosx_10_9_x86_64.macosx_10_10_intel.macosx_10_10_x86_64.whl", hash = "sha256:b78a1defedb0e8f6ae1eb55fa6ac74ab42acc4569c3a2eacc2a407ee5d42ebcb"},
    {file = "numpy-1.16.3-cp27-cp27m-manylinux1_i686.whl", hash = "sha256:0e2eed77804b2a6a88741f8fcac02c5499bba3953ec9c71e8b217fad4912c56c"},
    {file = "numpy-1.16.3-cp27-cp27m-manylinux1_x86_64.whl", hash = "sha256:754a6be26d938e6ca91942804eb209307b73f806a1721176278a6038869a1686"},
    {file = "numpy-1.16.3-cp27-cp27m-win32.whl", hash = "sha256:315fa1b1dfc16ae0f03f8fd1c55f23fd15368710f641d570236f3d78af55e340"},
    {file = "numpy-1.16.3-cp27-cp27m-win_amd64.whl", hash = "sha256:80d99399c97f646e873dd8ce87c38cfdbb668956bbc39bc1e6cac4b515bba2a0"},
    {file = "numpy-1.16.3-cp27-cp27mu-manylinux1_i686.whl", hash = "sha256:a61255a765b3ac73ee4b110b28fccfbf758c985677f526c2b4b39c48cc4b509d"},
    {file = "numpy-1.16.3-cp27-cp27mu-manylinux1_x86_64.whl", hash = "sha256:88a72c1e45a0ae24d1f249a529d9f71fe82e6fa6a3fd61414b829396ec585900"},
    {file = "numpy-1.16.3-cp35-cp35m-macosx_10_6_intel.macosx_10_9_intel.macosx_10_9_x86_64.macosx_10_10_intel.macosx_10_10_x86_64.whl", hash = "sha256:54fe3b7ed9e7eb928bbc4318f954d133851865f062fa4bbb02ef8940bc67b5d2"},
    {file = "numpy-1.16.3-cp35-cp35m-manylinux1_i686.whl", hash = "sha256:abbd6b1c2ef6199f4b7ca9f818eb6b31f17b73a6110aadc4e4298c3f00fab24e"},
    {file = "numpy-1.16.3-cp35-cp35m-manylinux1_x86_64.whl", hash = "sha256:771147e654e8b95eea1293174a94f34e2e77d5729ad44aefb62fbf8a79747a15"},
    {file = "numpy-1.16.3-cp35-cp35m-win32.whl", hash = "sha256:48241759b99d60aba63b0e590332c600fc4b46ad597c9b0a53f350b871ef0634"},
    {file = "numpy-1.16.3-cp35-cp35m-win_amd64.whl", hash = "sha256:b16d88da290334e33ea992c56492326ea3b06233a00a1855414360b77ca72f26"},
    {file = "numpy-1.16.3-cp36-cp36m-macosx_10_6_intel.macosx_10_9_intel.macosx_10_9_x86_64.macosx_10_10_intel.macosx_10_10_x86_64.whl", hash = "sha256:ab4896a8c910b9a04c0142871d8800c76c8a2e5ff44763513e1dd9d9631ce897"},
    {file = "numpy-1.16.3-cp36-cp36m-manylinux1_i686.whl", hash = "sha256:7fde5c2a3a682a9e101e61d97696687ebdba47637611378b4127fe7e47fdf2bf"},
    {file = "numpy-1.16.3-cp36-cp36m-manylinux1_x86_64.whl", hash = "sha256:4b4f2924b36d857cf302aec369caac61e43500c17eeef0d7baacad1084c0ee84"},
    {file = "numpy-1.16.3-cp36-cp36m-win32.whl", hash = "sha256:d160e57731fcdec2beda807ebcabf39823c47e9409485b5a3a1db3a8c6ce763e"},
    {file = "numpy-1.16.3-cp36-cp36m-win_amd64.whl", hash = "sha256:1f46532afa7b2903bfb1b79becca2954c0a04389d19e03dc73f06b039048ac40"},
    {file = "numpy-1.16.3-cp37-cp37m-macosx_10_6_intel.macosx_10_9_intel.macosx_10_9_x86_64.macosx_10_10_intel.macosx_10_10_x86_64.whl", hash = "sha256:1c666f04553ef70fda54adf097dbae7080645435fc273e2397f26bbf1d127bbb"},
    {file = "numpy-1.16.3-cp37-cp37m-manylinux1_i686.whl", hash = "sha256:3d5fcea4f5ed40c3280791d54da3ad2ecf896f4c87c877b113576b8280c59441"},
    {file = "numpy-1.16.3-cp37-cp37m-manylinux1_x86_64.whl", hash = "sha256:5a8f021c70e6206c317974c93eaaf9bc2b56295b6b1cacccf88846e44a1f33fc"},
    {file = "numpy-1.16.3-cp37-cp37m-win32.whl", hash = "sha256:cfef82c43b8b29ca436560d51b2251d5117818a8d1fb74a8384a83c096745dad"},
    {file = "numpy-1.16.3-cp37-cp37m-win_amd64.whl", hash = "sha256:a4f4460877a16ac73302a9c077ca545498d9fe64e6a81398d8e1a67e4695e3df"},
    {file = "numpy-1.16.3.zip", hash = "sha256:78a6f89da87eeb48014ec652a65c4ffde370c036d780a995edaeb121d3625621"},
]
pycodestyle = [
    {file = "pycodestyle-2.6.0-py2.py3-none-any.whl", hash = "sha256:2295e7b2f6b5bd100585ebcb1f616591b652db8a741695b3d8f5d28bdc934367"},
    {file = "pycodestyle-2.6.0.tar.gz", hash = "sha256:c58a7d2815e0e8d7972bf1803331fb0152f867bd89adf8a01dfd55085434192e"},
]
pylint = [
    {file = "pylint-2.6.0-py3-none-any.whl", hash = "sha256:bfe68f020f8a0fece830a22dd4d5dddb4ecc6137db04face4c3420a46a52239f"},
    {file = "pylint-2.6.0.tar.gz", hash = "sha256:bb4a908c9dadbc3aac18860550e870f58e1a02c9f2c204fdf5693d73be061210"},
]
pyparsing = [
    {file = "pyparsing-2.4.0-py2.py3-none-any.whl", hash = "sha256:9b6323ef4ab914af344ba97510e966d64ba91055d6b9afa6b30799340e89cc03"},
    {file = "pyparsing-2.4.0.tar.gz", hash = "sha256:1873c03321fc118f4e9746baf201ff990ceb915f433f23b395f5580d1840cb2a"},
]
python-dateutil = [
    {file = "python-dateutil-2.6.1.tar.gz", hash = "sha256:891c38b2a02f5bb1be3e4793866c8df49c7d19baabf9c1bad62547e0b4866aca"},
    {file = "python_dateutil-2.6.1-py2.py3-none-any.whl", hash = "sha256:95511bae634d69bc7329ba55e646499a842bc4ec342ad54a8cdb65645a0aad3c"},
]
pytz = [
    {file = "pytz-2017.3-py2.4.egg", hash = "sha256:80af0f3008046b9975242012a985f04c5df1f01eed4ec1633d56cc47a75a6a48"},
    {file = "pytz-2017.3-py2.5.egg", hash = "sha256:feb2365914948b8620347784b6b6da356f31c9d03560259070b2f30cff3d469d"},
    {file = "pytz-2017.3-py2.6.egg", hash = "sha256:59707844a9825589878236ff2f4e0dc9958511b7ffaae94dc615da07d4a68d33"},
    {file = "pytz-2017.3-py2.7.egg", hash = "sha256:d0ef5ef55ed3d37854320d4926b04a4cb42a2e88f71da9ddfdacfde8e364f027"},
    {file = "pytz-2017.3-py2.py3-none-any.whl", hash = "sha256:c41c62827ce9cafacd6f2f7018e4f83a6f1986e87bfd000b8cfbd4ab5da95f1a"},
    {file = "pytz-2017.3-py3.3.egg", hash = "sha256:8cc90340159b5d7ced6f2ba77694d946fc975b09f1a51d93f3ce3bb399396f94"},
    {file = "pytz-2017.3-py3.4.egg", hash = "sha256:dd2e4ca6ce3785c8dd342d1853dd9052b19290d5bf66060846e5dc6b8d6667f7"},
    {file = "pytz-2017.3-py3.5.egg", hash = "sha256:699d18a2a56f19ee5698ab1123bbcc1d269d061996aeb1eda6d89248d3542b82"},
    {file = "pytz-2017.3.zip", hash = "sha256:fae4cffc040921b8a2d60c6cf0b5d662c1190fe54d718271db4eb17d44a185b7"},
]
pyyaml = [
    {file = "PyYAML-5.1-cp27-cp27m-win32.whl", hash = "sha256:460a5a4248763f6f37ea225d19d5c205677d8d525f6a83357ca622ed541830c2"},
    {file = "PyYAML-5.1-cp27-cp27m-win_amd64.whl", hash = "sha256:9372b04a02080752d9e6f990179a4ab840227c6e2ce15b95e1278456664cf2ba"},
    {file = "PyYAML-5.1-cp34-cp34m-win32.whl", hash = "sha256:aee5bab92a176e7cd034e57f46e9df9a9862a71f8f37cad167c6fc74c65f5b4e"},
    {file = "PyYAML-5.1-cp34-cp34m-win_amd64.whl", hash = "sha256:c51f642898c0bacd335fc119da60baae0824f2cde95b0330b56c0553439f0673"},
    {file = "PyYAML-5.1-cp35-cp35m-win32.whl", hash = "sha256:a5dcbebee834eaddf3fa7366316b880ff4062e4bcc9787b78c7fbb4a26ff2dd1"},
    {file = "PyYAML-5.1-cp35-cp35m-win_amd64.whl", hash = "sha256:7a5d3f26b89d688db27822343dfa25c599627bc92093e788956372285c6298ad"},
    {file = "PyYAML-5.1-cp36-cp36m-win32.whl", hash = "sha256:1adecc22f88d38052fb787d959f003811ca858b799590a5eaa70e63dca50308c"},
    {file = "PyYAML-5.1-cp36-cp36m-win_amd64.whl", hash = "sha256:5a22a9c84653debfbf198d02fe592c176ea548cccce47553f35f466e15cf2fd4"},
    {file = "PyYAML-5.1-cp37-cp37m-win32.whl", hash = "sha256:e23d0cc5299223dcc37885dae624f382297717e459ea24053709675a976a3e19"},
    {file = "PyYAML-5.1-cp37-cp37m-win_amd64.whl", hash = "sha256:c68ea4d3ba1705da1e0d85da6684ac657912679a649e8868bd850d2c299cce13"},
    {file = "PyYAML-5.1.tar.gz", hash = "sha256:436bc774ecf7c103814098159fbb84c2715d25980175292c648f2da143909f95"},
]
scipy = [
    {file = "scipy-1.2.1-cp27-cp27m-macosx_10_6_intel.macosx_10_9_intel.macosx_10_9_x86_64.macosx_10_10_intel.macosx_10_10_x86_64.whl", hash = "sha256:f06819b028b8ef9010281e74c59cb35483933583043091ed6b261bb1540f11cc"},
    {file = "scipy-1.2.1-cp27-cp27m-manylinux1_i686.whl", hash = "sha256:70e37cec0ac0fe95c85b74ca4e0620169590fd5d3f44765f3c3a532cedb0e5fd"},
    {file = "scipy-1.2.1-cp27-cp27m-manylinux1_x86_64.whl", hash = "sha256:9726791484f08e394af0b59eb80489ad94d0a53bbb58ab1837dcad4d58489863"},
    {file = "scipy-1.2.1-cp27-cp27m-win32.whl", hash = "sha256:790cbd3c8d09f3a6d9c47c4558841e25bac34eb7a0864a9def8f26be0b8706af"},
    {file = "scipy-1.2.1-cp27-cp27m-win_amd64.whl", hash = "sha256:014cb900c003b5ac81a53f2403294e8ecf37aedc315b59a6b9370dce0aa7627a"},
    {file = "scipy-1.2.1-cp27-cp27mu-manylinux1_i686.whl", hash = "sha256:78e12972e144da47326958ac40c2bd1c1cca908edc8b01c26a36f9ffd3dce466"},
    {file = "scipy-1.2.1-cp27-cp27mu-manylinux1_x86_64.whl", hash = "sha256:f15f2d60a11c306de7700ee9f65df7e9e463848dbea9c8051e293b704038da60"},
    {file = "scipy-1.2.1-cp34-cp34m-macosx_10_6_intel.macosx_10_9_intel.macosx_10_9_x86_64.macosx_10_10_intel.macosx_10_10_x86_64.whl", hash = "sha256:e2cfcbab37c082a5087aba5ff00209999053260441caadd4f0e8f4c2d6b72088"},
    {file = "scipy-1.2.1-cp34-cp34m-manylinux1_i686.whl", hash = "sha256:b86ae13c597fca087cb8c193870507c8916cefb21e52e1897da320b5a35075e5"},
    {file = "scipy-1.2.1-cp34-cp34m-manylinux1_x86_64.whl", hash = "sha256:865afedf35aaef6df6344bee0de391ee5e99d6e802950a237f9fb9b13e441f91"},
    {file = "scipy-1.2.1-cp34-cp34m-win32.whl", hash = "sha256:e742f1f5dcaf222e8471c37ee3d1fd561568a16bb52e031c25674ff1cf9702d5"},
    {file = "scipy-1.2.1-cp34-cp34m-win_amd64.whl", hash = "sha256:f6b88c8d302c3dac8dff7766955e38d670c82e0d79edfc7eae47d6bb2c186594"},
    {file = "scipy-1.2.1-cp35-cp35m-macosx_10_6_intel.macosx_10_9_intel.macosx_10_9_x86_64.macosx_10_10_intel.macosx_10_10_x86_64.whl", hash = "sha256:7274735fb6fb5d67d3789ddec2cd53ed6362539b41aa6cc0d33a06c003aaa390"},
    {file = "scipy-1.2.1-cp35-cp35m-manylinux1_i686.whl", hash = "sha256:963815c226b29b0176d5e3d37fc9de46e2778ce4636a5a7af11a48122ef2577c"},
    {file = "scipy-1.2.1-cp35-cp35m-manylinux1_x86_64.whl", hash = "sha256:281a34da34a5e0de42d26aed692ab710141cad9d5d218b20643a9cb538ace976"},
    {file = "scipy-1.2.1-cp35-cp35m-win32.whl", hash = "sha256:5a10661accd36b6e2e8855addcf3d675d6222006a15795420a39c040362def66"},
    {file = "scipy-1.2.1-cp35-cp35m-win_amd64.whl", hash = "sha256:def0e5d681dd3eb562b059d355ae8bebe27f5cc455ab7c2b6655586b63d3a8ea"},
    {file = "scipy-1.2.1-cp36-cp36m-macosx_10_6_intel.macosx_10_9_intel.macosx_10_9_x86_64.macosx_10_10_intel.macosx_10_10_x86_64.whl", hash = "sha256:79792c8fe8e9d06ebc50fe23266522c8c89f20aa94ac8e80472917ecdce1e5ba"},
    {file = "scipy-1.2.1-cp36-cp36m-manylinux1_i686.whl", hash = "sha256:6dcc43a88e25b815c2dea1c6fac7339779fc988f5df8396e1de01610604a7c38"},
    {file = "scipy-1.2.1-cp36-cp36m-manylinux1_x86_64.whl", hash = "sha256:f31338ee269d201abe76083a990905473987371ff6f3fdb76a3f9073a361cf37"},
    {file = "scipy-1.2.1-cp36-cp36m-win32.whl", hash = "sha256:9de84a71bb7979aa8c089c4fb0ea0e2ed3917df3fb2a287a41aaea54bbad7f5d"},
    {file = "scipy-1.2.1-cp36-cp36m-win_amd64.whl", hash = "sha256:b2c324ddc5d6dbd3f13680ad16a29425841876a84a1de23a984236d1afff4fa6"},
    {file = "scipy-1.2.1-cp37-cp37m-macosx_10_6_intel.macosx_10_9_intel.macosx_10_9_x86_64.macosx_10_10_intel.macosx_10_10_x86_64.whl", hash = "sha256:588f9cc4bfab04c45fbd19c1354b5ade377a8124d6151d511c83730a9b6b2338"},
    {file = "scipy-1.2.1-cp37-cp37m-manylinux1_i686.whl", hash = "sha256:628f60be272512ca1123524969649a8cb5ae8b31cca349f7c6f8903daf9034d7"},
    {file = "scipy-1.2.1-cp37-cp37m-manylinux1_x86_64.whl", hash = "sha256:870fd401ec7b64a895cff8e206ee16569158db00254b2f7157b4c9a5db72c722"},
    {file = "scipy-1.2.1-cp37-cp37m-win32.whl", hash = "sha256:d78702af4102a3a4e23bb7372cec283e78f32f5573d92091aa6aaba870370fe1"},
    {file = "scipy-1.2.1-cp37-cp37m-win_amd64.whl", hash = "sha256:ba0488d4dbba2af5bf9596b849873102d612e49a118c512d9d302ceafa36e01a"},
    {file = "scipy-1.2.1.tar.gz", hash = "sha256:e085d1babcb419bbe58e2e805ac61924dac4ca45a07c9fa081144739e500aa3c"},
]
six = [
    {file = "six-1.12.0-py2.py3-none-any.whl", hash = "sha256:3350809f0555b11f552448330d0b52d5f24c91a322ea4a15ef22629740f3761c"},
    {file = "six-1.12.0.tar.gz", hash = "sha256:d16a0141ec1a18405cd4ce8b4613101da75da0e9a7aec5bdd4fa804d0e0eba73"},
]
toml = [
    {file = "toml-0.10.2-py2.py3-none-any.whl", hash = "sha256:806143ae5bfb6a3c6e736a764057db0e6a0e05e338b5630894a5f779cabb4f9b"},
    {file = "toml-0.10.2.tar.gz", hash = "sha256:b3bda1d108d5dd99f4a20d24d9c348e91c4db7ab1b749200bded2f839ccbe68f"},
]
typed-ast = [
    {file = "typed_ast-1.4.2-cp35-cp35m-manylinux1_i686.whl", hash = "sha256:7703620125e4fb79b64aa52427ec192822e9f45d37d4b6625ab37ef403e1df70"},
    {file = "typed_ast-1.4.2-cp35-cp35m-manylinux1_x86_64.whl", hash = "sha256:c9aadc4924d4b5799112837b226160428524a9a45f830e0d0f184b19e4090487"},
    {file = "typed_ast-1.4.2-cp35-cp35m-manylinux2014_aarch64.whl", hash = "sha256:9ec45db0c766f196ae629e509f059ff05fc3148f9ffd28f3cfe75d4afb485412"},
    {file = "typed_ast-1.4.2-cp35-cp35m-win32.whl", hash = "sha256:85f95aa97a35bdb2f2f7d10ec5bbdac0aeb9dafdaf88e17492da0504de2e6400"},
    {file = "typed_ast-1.4.2-cp35-cp35m-win_amd64.whl", hash = "sha256:9044ef2df88d7f33692ae3f18d3be63dec69c4fb1b5a4a9ac950f9b4ba571606"},
    {file = "typed_ast-1.4.2-cp36-cp36m-macosx_10_9_x86_64.whl", hash = "sha256:c1c876fd795b36126f773db9cbb393f19808edd2637e00fd6caba0e25f2c7b64"},
    {file = "typed_ast-1.4.2-cp36-cp36m-manylinux1_i686.whl", hash = "sha256:5dcfc2e264bd8a1db8b11a892bd1647154ce03eeba94b461effe68790d8b8e07"},
    {file = "typed_ast-1.4.2-cp36-cp36m-manylinux1_x86_64.whl", hash = "sha256:8db0e856712f79c45956da0c9a40ca4246abc3485ae0d7ecc86a20f5e4c09abc"},
    {file = "typed_ast-1.4.2-cp36-cp36m-manylinux2014_aarch64.whl", hash = "sha256:d003156bb6a59cda9050e983441b7fa2487f7800d76bdc065566b7d728b4581a"},
    {file = "typed_ast-1.4.2-cp36-cp36m-win32.whl", hash = "sha256:4c790331247081ea7c632a76d5b2a265e6d325ecd3179d06e9cf8d46d90dd151"},
    {file = "typed_ast-1.4.2-cp36-cp36m-win_amd64.whl", hash = "sha256:d175297e9533d8d37437abc14e8a83cbc68af93cc9c1c59c2c292ec59a0697a3"},
    {file = "typed_ast-1.4.2-cp37-cp37m-macosx_10_9_x86_64.whl", hash = "sha256:cf54cfa843f297991b7388c281cb3855d911137223c6b6d2dd82a47ae5125a41"},
    {file = "typed_ast-1.4.2-cp37-cp37m-manylinux1_i686.whl", hash = "sha256:b4fcdcfa302538f70929eb7b392f536a237cbe2ed9cba88e3bf5027b39f5f77f"},
    {file = "typed_ast-1.4.2-cp37-cp37m-manylinux1_x86_64.whl", hash = "sha256:987f15737aba2ab5f3928c617ccf1ce412e2e321c77ab16ca5a293e7bbffd581"},
    {file = "typed_ast-1.4.2-cp37-cp37m-manylinux2014_aarch64.whl", hash = "sha256:37f48d46d733d57cc70fd5f30572d11ab8ed92da6e6b28e024e4a3edfb456e37"},
    {file = "typed_ast-1.4.2-cp37-cp37m-win32.whl", hash = "sha256:36d829b31ab67d6fcb30e185ec996e1f72b892255a745d3a82138c97d21ed1cd"},
    {file = "typed_ast-1.4.2-cp37-cp37m-win_amd64.whl", hash = "sha256:8368f83e93c7156ccd40e49a783a6a6850ca25b556c0fa0240ed0f659d2fe496"},
    {file = "typed_ast-1.4.2-cp38-cp38-macosx_10_9_x86_64.whl", hash = "sha256:963c80b583b0661918718b095e02303d8078950b26cc00b5e5ea9ababe0de1fc"},
    {file = "typed_ast-1.4.2-cp38-cp38-manylinux1_i686.whl", hash = "sha256:e683e409e5c45d5c9082dc1daf13f6374300806240719f95dc783d1fc942af10"},
    {file = "typed_ast-1.4.2-cp38-cp38-manylinux1_x86_64.whl", hash = "sha256:84aa6223d71012c68d577c83f4e7db50d11d6b1399a9c779046d75e24bed74ea"},
    {file = "typed_ast-1.4.2-cp38-cp38-manylinux2014_aarch64.whl", hash = "sha256:a38878a223bdd37c9709d07cd357bb79f4c760b29210e14ad0fb395294583787"},
    {file = "typed_ast-1.4.2-cp38-cp38-win32.whl", hash = "sha256:a2c927c49f2029291fbabd673d51a2180038f8cd5a5b2f290f78c4516be48be2"},
    {file = "typed_ast-1.4.2-cp38-cp38-win_amd64.whl", hash = "sha256:c0c74e5579af4b977c8b932f40a5464764b2f86681327410aa028a22d2f54937"},
    {file = "typed_ast-1.4.2-cp39-cp39-macosx_10_9_x86_64.whl", hash = "sha256:07d49388d5bf7e863f7fa2f124b1b1d89d8aa0e2f7812faff0a5658c01c59aa1"},
    {file = "typed_ast-1.4.2-cp39-cp39-manylinux1_i686.whl", hash = "sha256:240296b27397e4e37874abb1df2a608a92df85cf3e2a04d0d4d61055c8305ba6"},
    {file = "typed_ast-1.4.2-cp39-cp39-manylinux1_x86_64.whl", hash = "sha256:d746a437cdbca200622385305aedd9aef68e8a645e385cc483bdc5e488f07166"},
    {file = "typed_ast-1.4.2-cp39-cp39-manylinux2014_aarch64.whl", hash = "sha256:14bf1522cdee369e8f5581238edac09150c765ec1cb33615855889cf33dcb92d"},
    {file = "typed_ast-1.4.2-cp39-cp39-win32.whl", hash = "sha256:cc7b98bf58167b7f2db91a4327da24fb93368838eb84a44c472283778fc2446b"},
    {file = "typed_ast-1.4.2-cp39-cp39-win_amd64.whl", hash = "sha256:7147e2a76c75f0f64c4319886e7639e490fee87c9d25cb1d4faef1d8cf83a440"},
    {file = "typed_ast-1.4.2.tar.gz", hash = "sha256:9fc0b3cb5d1720e7141d103cf4819aea239f7d136acf9ee4a69b047b7986175a"},
]
wrapt = [
    {file = "wrapt-1.12.1.tar.gz", hash = "sha256:b62ffa81fb85f4332a4f609cab4ac40709470da05643a082ec1eb88e6d9b97d7"},
]
